
Microsoft Visual Studio Solution File, Format Version 12.00
# Visual Studio Version 17
VisualStudioVersion = 17.12.35728.132 d17.12
MinimumVisualStudioVersion = 10.0.40219.1
Project("{FAE04EC0-301F-11D3-BF4B-00C04F79EFBC}") = "Clase18-03-25", "Clase18-03-25.csproj", "{FA4BE415-7BA1-451C-98BD-7B9839AF4E26}"
EndProject
Global
	GlobalSection(SolutionConfigurationPlatforms) = preSolution
		Debug|Any CPU = Debug|Any CPU
		Release|Any CPU = Release|Any CPU
	EndGlobalSection
	GlobalSection(ProjectConfigurationPlatforms) = postSolution
		{FA4BE415-7BA1-451C-98BD-7B9839AF4E26}.Debug|Any CPU.ActiveCfg = Debug|Any CPU
		{FA4BE415-7BA1-451C-98BD-7B9839AF4E26}.Debug|Any CPU.Build.0 = Debug|Any CPU
		{FA4BE415-7BA1-451C-98BD-7B9839AF4E26}.Release|Any CPU.ActiveCfg = Release|Any CPU
		{FA4BE415-7BA1-451C-98BD-7B9839AF4E26}.Release|Any CPU.Build.0 = Release|Any CPU
	EndGlobalSection
	GlobalSection(SolutionProperties) = preSolution
		HideSolutionNode = FALSE
	EndGlobalSection
EndGlobal
